{
  "object": {
    "pins": [
      {
        "package": "PMCoreKit",
        "repositoryURL": "https://github.com/PavanIOS/PMCoreKit",
        "state": {
          "branch": null,
          "revision": "8bed2d07a175d1149975f63d900625e058c65031",
          "version": "1.0.3"
        }
      }
    ]
  },
  "version": 1
}
