{
  "object": {
    "pins": [
      {
        "package": "PMCoreKit",
        "repositoryURL": "https://github.com/PavanIOS/PMCoreKit",
        "state": {
          "branch": null,
          "revision": "8163fc2c3279f77da89cc249d0a1f028d1db9053",
          "version": "1.0.2"
        }
      }
    ]
  },
  "version": 1
}
