{
  "object": {
    "pins": [
      {
        "package": "PMCoreKit",
        "repositoryURL": "https://github.com/PavanIOS/PMCoreKit",
        "state": {
          "branch": null,
          "revision": "c032a64c6f3b72d455983ec44c2f307270357dee",
          "version": "1.0.1"
        }
      }
    ]
  },
  "version": 1
}
